PODS:
  - Alamofire (4.9.1)
  - AppCheckCore (10.19.2):
    - GoogleUtilities/Environment (~> 7.13)
    - GoogleUtilities/UserDefaults (~> 7.13)
    - PromisesObjC (~> 2.3)
  - apple_maps_flutter (0.0.1):
    - Flutter
  - connectivity_plus (0.0.1):
    - Flutter
    - FlutterMacOS
  - CryptoSwift (1.8.4)
  - DKImagePickerController/Core (4.3.9):
    - DKImagePickerController/ImageDataManager
    - DKImagePickerController/Resource
  - DKImagePickerController/ImageDataManager (4.3.9)
  - DKImagePickerController/PhotoGallery (4.3.9):
    - DKImagePickerController/Core
    - DKPhotoGallery
  - DKImagePickerController/Resource (4.3.9)
  - DKPhotoGallery (0.0.19):
    - DKPhotoGallery/Core (= 0.0.19)
    - DKPhotoGallery/Model (= 0.0.19)
    - DKPhotoGallery/Preview (= 0.0.19)
    - DKPhotoGallery/Resource (= 0.0.19)
    - SDWebImage
    - SwiftyGif
  - DKPhotoGallery/Core (0.0.19):
    - DKPhotoGallery/Model
    - DKPhotoGallery/Preview
    - SDWebImage
    - SwiftyGif
  - DKPhotoGallery/Model (0.0.19):
    - SDWebImage
    - SwiftyGif
  - DKPhotoGallery/Preview (0.0.19):
    - DKPhotoGallery/Model
    - DKPhotoGallery/Resource
    - SDWebImage
    - SwiftyGif
  - DKPhotoGallery/Resource (0.0.19):
    - SDWebImage
    - SwiftyGif
  - file_picker (0.0.1):
    - DKImagePickerController/PhotoGallery
    - Flutter
  - Firebase/Auth (10.25.0):
    - Firebase/CoreOnly
    - FirebaseAuth (~> 10.25.0)
  - Firebase/CoreOnly (10.25.0):
    - FirebaseCore (= 10.25.0)
  - Firebase/Messaging (10.25.0):
    - Firebase/CoreOnly
    - FirebaseMessaging (~> 10.25.0)
  - firebase_app_check (0.2.2-7):
    - Firebase/CoreOnly (~> 10.25.0)
    - firebase_core
    - FirebaseAppCheck (~> 10.25.0-beta)
    - Flutter
  - firebase_auth (4.20.0):
    - Firebase/Auth (= 10.25.0)
    - firebase_core
    - Flutter
  - firebase_core (2.32.0):
    - Firebase/CoreOnly (= 10.25.0)
    - Flutter
  - firebase_messaging (14.9.4):
    - Firebase/Messaging (= 10.25.0)
    - firebase_core
    - Flutter
  - FirebaseAppCheck (10.25.0):
    - AppCheckCore (~> 10.19)
    - FirebaseAppCheckInterop (~> 10.17)
    - FirebaseCore (~> 10.0)
    - GoogleUtilities/Environment (~> 7.13)
    - GoogleUtilities/UserDefaults (~> 7.13)
    - PromisesObjC (~> 2.1)
  - FirebaseAppCheckInterop (10.29.0)
  - FirebaseAuth (10.25.0):
    - FirebaseAppCheckInterop (~> 10.17)
    - FirebaseCore (~> 10.0)
    - GoogleUtilities/AppDelegateSwizzler (~> 7.8)
    - GoogleUtilities/Environment (~> 7.8)
    - GTMSessionFetcher/Core (< 4.0, >= 2.1)
    - RecaptchaInterop (~> 100.0)
  - FirebaseCore (10.25.0):
    - FirebaseCoreInternal (~> 10.0)
    - GoogleUtilities/Environment (~> 7.12)
    - GoogleUtilities/Logger (~> 7.12)
  - FirebaseCoreInternal (10.29.0):
    - "GoogleUtilities/NSData+zlib (~> 7.8)"
  - FirebaseInstallations (10.29.0):
    - FirebaseCore (~> 10.0)
    - GoogleUtilities/Environment (~> 7.8)
    - GoogleUtilities/UserDefaults (~> 7.8)
    - PromisesObjC (~> 2.1)
  - FirebaseMessaging (10.25.0):
    - FirebaseCore (~> 10.0)
    - FirebaseInstallations (~> 10.0)
    - GoogleDataTransport (~> 9.3)
    - GoogleUtilities/AppDelegateSwizzler (~> 7.8)
    - GoogleUtilities/Environment (~> 7.8)
    - GoogleUtilities/Reachability (~> 7.8)
    - GoogleUtilities/UserDefaults (~> 7.8)
    - nanopb (< 2.30911.0, >= 2.30908.0)
  - Flutter (1.0.0)
  - flutter_downloader (0.0.1):
    - Flutter
  - flutter_image_compress_common (1.0.0):
    - Flutter
    - Mantle
    - SDWebImage
    - SDWebImageWebPCoder
  - flutter_jailbreak_detection (1.0.0):
    - Flutter
    - IOSSecuritySuite
  - flutter_local_notifications (0.0.1):
    - Flutter
  - flutter_pdfview (1.0.2):
    - Flutter
  - fluttertoast (0.0.2):
    - Flutter
    - Toast
  - Google-Maps-iOS-Utils (6.1.0):
    - GoogleMaps (~> 9.0)
  - google_maps_flutter_ios (0.0.1):
    - Flutter
    - Google-Maps-iOS-Utils (< 7.0, >= 5.0)
    - GoogleMaps (< 10.0, >= 8.4)
  - google_mlkit_commons (0.8.1):
    - Flutter
    - MLKitVision
  - google_mlkit_text_recognition (0.13.1):
    - Flutter
    - google_mlkit_commons
    - GoogleMLKit/TextRecognition (~> 6.0.0)
  - GoogleDataTransport (9.4.1):
    - GoogleUtilities/Environment (~> 7.7)
    - nanopb (< 2.30911.0, >= 2.30908.0)
    - PromisesObjC (< 3.0, >= 1.2)
  - GoogleMaps (9.3.0):
    - GoogleMaps/Maps (= 9.3.0)
  - GoogleMaps/Maps (9.3.0)
  - GoogleMLKit/MLKitCore (6.0.0):
    - MLKitCommon (~> 11.0.0)
  - GoogleMLKit/TextRecognition (6.0.0):
    - GoogleMLKit/MLKitCore
    - MLKitTextRecognition (~> 4.0.0)
  - GoogleToolboxForMac/Defines (4.2.1)
  - GoogleToolboxForMac/Logger (4.2.1):
    - GoogleToolboxForMac/Defines (= 4.2.1)
  - "GoogleToolboxForMac/NSData+zlib (4.2.1)":
    - GoogleToolboxForMac/Defines (= 4.2.1)
  - GoogleUtilities/AppDelegateSwizzler (7.13.3):
    - GoogleUtilities/Environment
    - GoogleUtilities/Logger
    - GoogleUtilities/Network
    - GoogleUtilities/Privacy
  - GoogleUtilities/Environment (7.13.3):
    - GoogleUtilities/Privacy
    - PromisesObjC (< 3.0, >= 1.2)
  - GoogleUtilities/Logger (7.13.3):
    - GoogleUtilities/Environment
    - GoogleUtilities/Privacy
  - GoogleUtilities/Network (7.13.3):
    - GoogleUtilities/Logger
    - "GoogleUtilities/NSData+zlib"
    - GoogleUtilities/Privacy
    - GoogleUtilities/Reachability
  - "GoogleUtilities/NSData+zlib (7.13.3)":
    - GoogleUtilities/Privacy
  - GoogleUtilities/Privacy (7.13.3)
  - GoogleUtilities/Reachability (7.13.3):
    - GoogleUtilities/Logger
    - GoogleUtilities/Privacy
  - GoogleUtilities/UserDefaults (7.13.3):
    - GoogleUtilities/Logger
    - GoogleUtilities/Privacy
  - GoogleUtilitiesComponents (1.1.0):
    - GoogleUtilities/Logger
  - GTMSessionFetcher/Core (3.5.0)
  - http_certificate_pinning (1.0.3):
    - Alamofire (~> 4.9.1)
    - CryptoSwift
    - Flutter
  - http_proxy (0.0.1):
    - Flutter
  - image_cropper (0.0.4):
    - Flutter
    - TOCropViewController (~> 2.7.4)
  - image_picker_ios (0.0.1):
    - Flutter
  - IOSSecuritySuite (2.1.0)
  - launch_review (0.0.1):
    - Flutter
  - libwebp (1.5.0):
    - libwebp/demux (= 1.5.0)
    - libwebp/mux (= 1.5.0)
    - libwebp/sharpyuv (= 1.5.0)
    - libwebp/webp (= 1.5.0)
  - libwebp/demux (1.5.0):
    - libwebp/webp
  - libwebp/mux (1.5.0):
    - libwebp/demux
  - libwebp/sharpyuv (1.5.0)
  - libwebp/webp (1.5.0):
    - libwebp/sharpyuv
  - local_auth_darwin (0.0.1):
    - Flutter
    - FlutterMacOS
  - Mantle (2.2.0):
    - Mantle/extobjc (= 2.2.0)
  - Mantle/extobjc (2.2.0)
  - MLImage (1.0.0-beta5)
  - MLKitCommon (11.0.0):
    - GoogleDataTransport (< 10.0, >= 9.4.1)
    - GoogleToolboxForMac/Logger (< 5.0, >= 4.2.1)
    - "GoogleToolboxForMac/NSData+zlib (< 5.0, >= 4.2.1)"
    - GoogleUtilities/UserDefaults (< 8.0, >= 7.13.0)
    - GoogleUtilitiesComponents (~> 1.0)
    - GTMSessionFetcher/Core (< 4.0, >= 3.3.2)
  - MLKitTextRecognition (4.0.0):
    - MLKitCommon (~> 11.0)
    - MLKitTextRecognitionCommon (= 3.0.0)
    - MLKitVision (~> 7.0)
  - MLKitTextRecognitionCommon (3.0.0):
    - MLKitCommon (~> 11.0)
    - MLKitVision (~> 7.0)
  - MLKitVision (7.0.0):
    - GoogleToolboxForMac/Logger (< 5.0, >= 4.2.1)
    - "GoogleToolboxForMac/NSData+zlib (< 5.0, >= 4.2.1)"
    - GTMSessionFetcher/Core (< 4.0, >= 3.3.2)
    - MLImage (= 1.0.0-beta5)
    - MLKitCommon (~> 11.0)
  - nanopb (2.30910.0):
    - nanopb/decode (= 2.30910.0)
    - nanopb/encode (= 2.30910.0)
  - nanopb/decode (2.30910.0)
  - nanopb/encode (2.30910.0)
  - open_file_ios (0.0.1):
    - Flutter
  - package_info_plus (0.4.5):
    - Flutter
  - path_provider_foundation (0.0.1):
    - Flutter
    - FlutterMacOS
  - permission_handler_apple (9.3.0):
    - Flutter
  - PromisesObjC (2.4.0)
  - RecaptchaInterop (100.0.0)
  - rive_common (0.0.1):
    - Flutter
  - SDWebImage (5.21.0):
    - SDWebImage/Core (= 5.21.0)
  - SDWebImage/Core (5.21.0)
  - SDWebImageWebPCoder (0.14.6):
    - libwebp (~> 1.0)
    - SDWebImage/Core (~> 5.17)
  - shared_preferences_foundation (0.0.1):
    - Flutter
    - FlutterMacOS
  - SwiftyGif (5.4.5)
  - system_proxy (0.0.1):
    - Flutter
  - Toast (4.1.1)
  - TOCropViewController (2.7.4)
  - url_launcher_ios (0.0.1):
    - Flutter
  - video_player_avfoundation (0.0.1):
    - Flutter
    - FlutterMacOS
  - wakelock_plus (0.0.1):
    - Flutter
  - webview_flutter_wkwebview (0.0.1):
    - Flutter

DEPENDENCIES:
  - apple_maps_flutter (from `.symlinks/plugins/apple_maps_flutter/ios`)
  - connectivity_plus (from `.symlinks/plugins/connectivity_plus/darwin`)
  - file_picker (from `.symlinks/plugins/file_picker/ios`)
  - firebase_app_check (from `.symlinks/plugins/firebase_app_check/ios`)
  - firebase_auth (from `.symlinks/plugins/firebase_auth/ios`)
  - firebase_core (from `.symlinks/plugins/firebase_core/ios`)
  - firebase_messaging (from `.symlinks/plugins/firebase_messaging/ios`)
  - Flutter (from `Flutter`)
  - flutter_downloader (from `.symlinks/plugins/flutter_downloader/ios`)
  - flutter_image_compress_common (from `.symlinks/plugins/flutter_image_compress_common/ios`)
  - flutter_jailbreak_detection (from `.symlinks/plugins/flutter_jailbreak_detection/ios`)
  - flutter_local_notifications (from `.symlinks/plugins/flutter_local_notifications/ios`)
  - flutter_pdfview (from `.symlinks/plugins/flutter_pdfview/ios`)
  - fluttertoast (from `.symlinks/plugins/fluttertoast/ios`)
  - google_maps_flutter_ios (from `.symlinks/plugins/google_maps_flutter_ios/ios`)
  - google_mlkit_commons (from `.symlinks/plugins/google_mlkit_commons/ios`)
  - google_mlkit_text_recognition (from `.symlinks/plugins/google_mlkit_text_recognition/ios`)
  - http_certificate_pinning (from `.symlinks/plugins/http_certificate_pinning/ios`)
  - http_proxy (from `.symlinks/plugins/http_proxy/ios`)
  - image_cropper (from `.symlinks/plugins/image_cropper/ios`)
  - image_picker_ios (from `.symlinks/plugins/image_picker_ios/ios`)
  - launch_review (from `.symlinks/plugins/launch_review/ios`)
  - local_auth_darwin (from `.symlinks/plugins/local_auth_darwin/darwin`)
  - MLKitVision (~> 7.0)
  - open_file_ios (from `.symlinks/plugins/open_file_ios/ios`)
  - package_info_plus (from `.symlinks/plugins/package_info_plus/ios`)
  - path_provider_foundation (from `.symlinks/plugins/path_provider_foundation/darwin`)
  - permission_handler_apple (from `.symlinks/plugins/permission_handler_apple/ios`)
  - rive_common (from `.symlinks/plugins/rive_common/ios`)
  - shared_preferences_foundation (from `.symlinks/plugins/shared_preferences_foundation/darwin`)
  - system_proxy (from `.symlinks/plugins/system_proxy/ios`)
  - url_launcher_ios (from `.symlinks/plugins/url_launcher_ios/ios`)
  - video_player_avfoundation (from `.symlinks/plugins/video_player_avfoundation/darwin`)
  - wakelock_plus (from `.symlinks/plugins/wakelock_plus/ios`)
  - webview_flutter_wkwebview (from `.symlinks/plugins/webview_flutter_wkwebview/ios`)

SPEC REPOS:
  trunk:
    - Alamofire
    - AppCheckCore
    - CryptoSwift
    - DKImagePickerController
    - DKPhotoGallery
    - Firebase
    - FirebaseAppCheck
    - FirebaseAppCheckInterop
    - FirebaseAuth
    - FirebaseCore
    - FirebaseCoreInternal
    - FirebaseInstallations
    - FirebaseMessaging
    - Google-Maps-iOS-Utils
    - GoogleDataTransport
    - GoogleMaps
    - GoogleMLKit
    - GoogleToolboxForMac
    - GoogleUtilities
    - GoogleUtilitiesComponents
    - GTMSessionFetcher
    - IOSSecuritySuite
    - libwebp
    - Mantle
    - MLImage
    - MLKitCommon
    - MLKitTextRecognition
    - MLKitTextRecognitionCommon
    - MLKitVision
    - nanopb
    - PromisesObjC
    - RecaptchaInterop
    - SDWebImage
    - SDWebImageWebPCoder
    - SwiftyGif
    - Toast
    - TOCropViewController

EXTERNAL SOURCES:
  apple_maps_flutter:
    :path: ".symlinks/plugins/apple_maps_flutter/ios"
  connectivity_plus:
    :path: ".symlinks/plugins/connectivity_plus/darwin"
  file_picker:
    :path: ".symlinks/plugins/file_picker/ios"
  firebase_app_check:
    :path: ".symlinks/plugins/firebase_app_check/ios"
  firebase_auth:
    :path: ".symlinks/plugins/firebase_auth/ios"
  firebase_core:
    :path: ".symlinks/plugins/firebase_core/ios"
  firebase_messaging:
    :path: ".symlinks/plugins/firebase_messaging/ios"
  Flutter:
    :path: Flutter
  flutter_downloader:
    :path: ".symlinks/plugins/flutter_downloader/ios"
  flutter_image_compress_common:
    :path: ".symlinks/plugins/flutter_image_compress_common/ios"
  flutter_jailbreak_detection:
    :path: ".symlinks/plugins/flutter_jailbreak_detection/ios"
  flutter_local_notifications:
    :path: ".symlinks/plugins/flutter_local_notifications/ios"
  flutter_pdfview:
    :path: ".symlinks/plugins/flutter_pdfview/ios"
  fluttertoast:
    :path: ".symlinks/plugins/fluttertoast/ios"
  google_maps_flutter_ios:
    :path: ".symlinks/plugins/google_maps_flutter_ios/ios"
  google_mlkit_commons:
    :path: ".symlinks/plugins/google_mlkit_commons/ios"
  google_mlkit_text_recognition:
    :path: ".symlinks/plugins/google_mlkit_text_recognition/ios"
  http_certificate_pinning:
    :path: ".symlinks/plugins/http_certificate_pinning/ios"
  http_proxy:
    :path: ".symlinks/plugins/http_proxy/ios"
  image_cropper:
    :path: ".symlinks/plugins/image_cropper/ios"
  image_picker_ios:
    :path: ".symlinks/plugins/image_picker_ios/ios"
  launch_review:
    :path: ".symlinks/plugins/launch_review/ios"
  local_auth_darwin:
    :path: ".symlinks/plugins/local_auth_darwin/darwin"
  open_file_ios:
    :path: ".symlinks/plugins/open_file_ios/ios"
  package_info_plus:
    :path: ".symlinks/plugins/package_info_plus/ios"
  path_provider_foundation:
    :path: ".symlinks/plugins/path_provider_foundation/darwin"
  permission_handler_apple:
    :path: ".symlinks/plugins/permission_handler_apple/ios"
  rive_common:
    :path: ".symlinks/plugins/rive_common/ios"
  shared_preferences_foundation:
    :path: ".symlinks/plugins/shared_preferences_foundation/darwin"
  system_proxy:
    :path: ".symlinks/plugins/system_proxy/ios"
  url_launcher_ios:
    :path: ".symlinks/plugins/url_launcher_ios/ios"
  video_player_avfoundation:
    :path: ".symlinks/plugins/video_player_avfoundation/darwin"
  wakelock_plus:
    :path: ".symlinks/plugins/wakelock_plus/ios"
  webview_flutter_wkwebview:
    :path: ".symlinks/plugins/webview_flutter_wkwebview/ios"

SPEC CHECKSUMS:
  Alamofire: 85e8a02c69d6020a0d734f6054870d7ecb75cf18
  AppCheckCore: 9feb4300caa596a36416cde10674dc5bec1e022e
  apple_maps_flutter: 2237d66a8e242082a2d88134af372f7b3375d7a6
  connectivity_plus: 2256d3e20624a7749ed21653aafe291a46446fee
  CryptoSwift: e64e11850ede528a02a0f3e768cec8e9d92ecb90
  DKImagePickerController: 946cec48c7873164274ecc4624d19e3da4c1ef3c
  DKPhotoGallery: b3834fecb755ee09a593d7c9e389d8b5d6deed60
  file_picker: 9b3292d7c8bc68c8a7bf8eb78f730e49c8efc517
  Firebase: 0312a2352584f782ea56f66d91606891d4607f06
  firebase_app_check: d2513b120608284733805c98e80b5b11c1bf705e
  firebase_auth: f17bd6bfc0bc3d83c6df9dc3829e5b6fee10b147
  firebase_core: 3b49a055ff54114cae400581c13671fe53936c36
  firebase_messaging: 30fa3ec8cd0dc8a860b7817548911b97345a0875
  FirebaseAppCheck: 148fa858b8070710c8f83d3f545b5f1e85d104a4
  FirebaseAppCheckInterop: 6a1757cfd4067d8e00fccd14fcc1b8fd78cfac07
  FirebaseAuth: c0f93dcc570c9da2bffb576969d793e95c344fbb
  FirebaseCore: 7ec4d0484817f12c3373955bc87762d96842d483
  FirebaseCoreInternal: df84dd300b561c27d5571684f389bf60b0a5c934
  FirebaseInstallations: 913cf60d0400ebd5d6b63a28b290372ab44590dd
  FirebaseMessaging: 88950ba9485052891ebe26f6c43a52bb62248952
  Flutter: e0871f40cf51350855a761d2e70bf5af5b9b5de7
  flutter_downloader: 78da0da1084e709cbfd3b723c7ea349c71681f09
  flutter_image_compress_common: 1697a328fd72bfb335507c6bca1a65fa5ad87df1
  flutter_jailbreak_detection: a74360daaf5cbc80639959463b4b1395873c90b5
  flutter_local_notifications: ad39620c743ea4c15127860f4b5641649a988100
  flutter_pdfview: 32bf27bda6fd85b9dd2c09628a824df5081246cf
  fluttertoast: 76fea30fcf04176325f6864c87306927bd7d2038
  Google-Maps-iOS-Utils: 0a484b05ed21d88c9f9ebbacb007956edd508a96
  google_maps_flutter_ios: 0291eb2aa252298a769b04d075e4a9d747ff7264
  google_mlkit_commons: 414fc36ac51758c806381de33a1d148d2ba71ce4
  google_mlkit_text_recognition: 6dd0122107954e64667d826da71de686152109fe
  GoogleDataTransport: 6c09b596d841063d76d4288cc2d2f42cc36e1e2a
  GoogleMaps: b58e9627004f47043897eeae830c3ef023678f3b
  GoogleMLKit: 97ac7af399057e99182ee8edfa8249e3226a4065
  GoogleToolboxForMac: d1a2cbf009c453f4d6ded37c105e2f67a32206d8
  GoogleUtilities: ea963c370a38a8069cc5f7ba4ca849a60b6d7d15
  GoogleUtilitiesComponents: 679b2c881db3b615a2777504623df6122dd20afe
  GTMSessionFetcher: 5aea5ba6bd522a239e236100971f10cb71b96ab6
  http_certificate_pinning: a1b2e2a4ccd3eb331aa236e6a48809001b5b44e8
  http_proxy: 6e9876b8b0d8bd9378a526bf49c51d8df64e891e
  image_cropper: 5f162dcf988100dc1513f9c6b7eb42cd6fbf9156
  image_picker_ios: 7fe1ff8e34c1790d6fff70a32484959f563a928a
  IOSSecuritySuite: 45e8531b05ffa72b5661cbdb5b5b5648a8de1a84
  launch_review: ffa7f5f539f248166db58a441664b5db6df4e09c
  libwebp: 02b23773aedb6ff1fd38cec7a77b81414c6842a8
  local_auth_darwin: 553ce4f9b16d3fdfeafce9cf042e7c9f77c1c391
  Mantle: c5aa8794a29a022dfbbfc9799af95f477a69b62d
  MLImage: 1824212150da33ef225fbd3dc49f184cf611046c
  MLKitCommon: afec63980417d29ffbb4790529a1b0a2291699e1
  MLKitTextRecognition: c83c18ad25496f2077f6ec93c5940487ff2eb343
  MLKitTextRecognitionCommon: c0b3a63d529296a19bce1f8bc8a513644ed4d1f6
  MLKitVision: e858c5f125ecc288e4a31127928301eaba9ae0c1
  nanopb: 438bc412db1928dac798aa6fd75726007be04262
  open_file_ios: 5ff7526df64e4394b4fe207636b67a95e83078bb
  package_info_plus: af8e2ca6888548050f16fa2f1938db7b5a5df499
  path_provider_foundation: 080d55be775b7414fd5a5ef3ac137b97b097e564
  permission_handler_apple: 4ed2196e43d0651e8ff7ca3483a069d469701f2d
  PromisesObjC: f5707f49cb48b9636751c5b2e7d227e43fba9f47
  RecaptchaInterop: 7d1a4a01a6b2cb1610a47ef3f85f0c411434cb21
  rive_common: dd421daaf9ae69f0125aa761dd96abd278399952
  SDWebImage: f84b0feeb08d2d11e6a9b843cb06d75ebf5b8868
  SDWebImageWebPCoder: e38c0a70396191361d60c092933e22c20d5b1380
  shared_preferences_foundation: 9e1978ff2562383bd5676f64ec4e9aa8fa06a6f7
  SwiftyGif: 706c60cf65fa2bc5ee0313beece843c8eb8194d4
  system_proxy: df8f85da9db052f93da22ceb2a8f87b3058c2eb3
  Toast: 1f5ea13423a1e6674c4abdac5be53587ae481c4e
  TOCropViewController: 80b8985ad794298fb69d3341de183f33d1853654
  url_launcher_ios: 694010445543906933d732453a59da0a173ae33d
  video_player_avfoundation: 2cef49524dd1f16c5300b9cd6efd9611ce03639b
  wakelock_plus: 04623e3f525556020ebd4034310f20fe7fda8b49
  webview_flutter_wkwebview: 6e6160e04b1e85872253adc5322afe416d9cdddc

PODFILE CHECKSUM: 2d3f86239b538b28cbc51c17fc5715ed5d748822

COCOAPODS: 1.16.2
